github.com/cristalhq/jwt/v3 v3.1.0/go.mod h1:XOnIXst8ozq/esy5N1XOlSyQqBd+84fxJ99FK+1jgL8=
github.com/davecgh/go-spew v1.1.1 h1:vj9j/u1bqnvCEfJOwUhtlOARqs3+rkHYY13jYWTU97c=
github.com/davecgh/go-spew v1.1.1/go.mod h1:J7Y8YcW2NihsgmVo/mv3lAwl/skON4iLHjSsI+c5H38=
github.com/golang-jwt/jwt v3.2.2+incompatible h1:IfV12K8xAKAnZqdXVzCZ+TOjboZ2keLg81eXfW3O+oY=
github.com/golang-jwt/jwt v3.2.2+incompatible/go.mod h1:8pz2t5EyA70fFQQSrl6XZXzqecmYZeUEB8OUGHkxJ+I=
github.com/hetiansu5/urlquery v1.2.7/go.mod h1:wFpZdTHRdwt7mk0EM/DdZEWtEN4xf8HJoH/BLXm/PG0=
github.com/joho/godotenv v1.4.0 h1:3l4+N6zfMWnkbPEXKng2o2/MR5mSwTrBih4ZEkkz1lg=
github.com/joho/godotenv v1.4.0/go.mod h1:f4LDr5Voq0i2e/R5DDNOoa2zzDfwtkZa6DnEwAbqwq4=
github.com/pmezard/go-difflib v1.0.0 h1:4DBwDE0NGyQoBHbLQYPwSUPoCMWR5BEzIk/f1lZbAQM=
github.com/pmezard/go-difflib v1.0.0/go.mod h1:iKH77koFhYxTK1pcRnkKkqfTogsbg7gZNVY4sRDYZ/4=
github.com/sirupsen/logrus v1.8.1 h1:dJKuHgqk1NNQlqoA6BTlM1Wf9DOH3NBjQyu0h9+AZZE=
github.com/sirupsen/logrus v1.8.1/go.mod h1:yWOB1SBYBC5VeMP7gHvWumXLIWorT60ONWic61uBYv0=
github.com/skyflowapi/skyflow-go/commonutils v0.0.0-20220315112934-3c8113d9d693/go.mod h1:C9IH9lBmu32OoVAFtwEUw9aN3bXG8lSVNy8K1fw69UY=
github.com/skyflowapi/skyflow-go/commonutils v0.0.0-20221207083805-e502fc29f175 h1:xjLrgk3iJnfb44dBDP2xVUeGTePDeqxe5Ql1SU6HSYY=
github.com/skyflowapi/skyflow-go/commonutils v0.0.0-20221207083805-e502fc29f175/go.mod h1:C9IH9lBmu32OoVAFtwEUw9aN3bXG8lSVNy8K1fw69UY=
github.com/skyflowapi/skyflow-go/commonutils v0.0.0-20230828090208-4d2a54b6479a h1:tjRtlEJSe6uKwfod6qJ2gd+ow2x6UrxHdtbPJY0mzwc=
github.com/skyflowapi/skyflow-go/commonutils v0.0.0-20230828090208-4d2a54b6479a/go.mod h1:C9IH9lBmu32OoVAFtwEUw9aN3bXG8lSVNy8K1fw69UY=
github.com/skyflowapi/skyflow-go/commonutils v0.0.0-20230901104651-952191588afc h1:FytAwtFOqmtF8eJ5fv2hsccRokkyktltgFruvuzx68k=
github.com/skyflowapi/skyflow-go/commonutils v0.0.0-20230901104651-952191588afc/go.mod h1:C9IH9lBmu32OoVAFtwEUw9aN3bXG8lSVNy8K1fw69UY=
github.com/skyflowapi/skyflow-go/commonutils v0.0.0-20230907124242-2be46fc2add8 h1:wZF2MzsvE5L58BaLjnsyRBtJCVI4D1rPKrzxPnNtSvk=
github.com/skyflowapi/skyflow-go/commonutils v0.0.0-20230907124242-2be46fc2add8/go.mod h1:C9IH9lBmu32OoVAFtwEUw9aN3bXG8lSVNy8K1fw69UY=
github.com/skyflowapi/skyflow-go/commonutils v0.0.0-20230929060540-78f76bd4bfe5 h1:diMpPG7lmHafMfe/LUEhJtdlhsrrzZo26gkZfaXm17w=
github.com/skyflowapi/skyflow-go/commonutils v0.0.0-20230929060540-78f76bd4bfe5/go.mod h1:C9IH9lBmu32OoVAFtwEUw9aN3bXG8lSVNy8K1fw69UY=
github.com/skyflowapi/skyflow-go/service-account v0.0.0-20220726093601-000409040f22/go.mod h1:LBNohJDFCg7v1hg+F563rowtQSwQozD80HevGQ536wE=
github.com/skyflowapi/skyflow-go/skyflow v0.0.0-20230524122159-564722a34b29 h1:Kfk2exj+X7YPTRw7R5mdCwbFzjKclAZN/CteS60RV6M=
github.com/skyflowapi/skyflow-go/skyflow v0.0.0-20230524122159-564722a34b29/go.mod h1:CmjAtkYtwmXHaWPuUzIPmbeNQjX435r2he5qpnwXwMo=
github.com/skyflowapi/skyflow-go/skyflow v0.0.0-20230828090208-4d2a54b6479a h1:/x1BDZcLVmcbQZG/Fi6+AAoKP+KOkNcXnLgycMLSWkE=
github.com/skyflowapi/skyflow-go/skyflow v0.0.0-20230828090208-4d2a54b6479a/go.mod h1:c2oboOdSEgOLaZ4pp+xqiDGqCbE+KTHpOuz23q5gi6I=
github.com/skyflowapi/skyflow-go/skyflow v0.0.0-20230828121044-6dd82fdfc5bc h1:PYmvvfDW3ioefC39hij+Dxc2OUNbsrNHv2efZgaNdyY=
github.com/skyflowapi/skyflow-go/skyflow v0.0.0-20230828121044-6dd82fdfc5bc/go.mod h1:16N0PHZr5eSUUHDKe/rQAlOgmwYkCt6ZaJUgm5+oGRA=
github.com/skyflowapi/skyflow-go/skyflow v0.0.0-20230901104651-952191588afc h1:ab9NtJNbCcjfzWkgd4Iq94hh/QkD+fydlKthwD/zZIQ=
github.com/skyflowapi/skyflow-go/skyflow v0.0.0-20230901104651-952191588afc/go.mod h1:hNHZiqDFk62nnGUOb9lrV+WPr3lMe1UpyrTaqC3dRxQ=
github.com/skyflowapi/skyflow-go/skyflow v0.0.0-20230908093431-c7ffb7c472f7 h1:/P9q36R+kJbjIEThwEUNLKVjY3WBkmfaGke0TMML2Lo=
github.com/skyflowapi/skyflow-go/skyflow v0.0.0-20230908093431-c7ffb7c472f7/go.mod h1:Bm1YV28W1U2cV9ZW1gtQLQpn+VeylBnRbzCDmpdEQgQ=
github.com/skyflowapi/skyflow-go/skyflow v0.0.0-20230929060540-78f76bd4bfe5 h1:olAYsx+rUnkSQ+O3J80DCRfuiNhLMli0ayaMPSt5Tx0=
github.com/skyflowapi/skyflow-go/skyflow v0.0.0-20230929060540-78f76bd4bfe5/go.mod h1:czGqpQ1pCYmp5uiaJYe1f/tIHw4vzshmZq+pVzr2YCI=
github.com/stretchr/testify v1.2.2 h1:bSDNvY7ZPG5RlJ8otE/7V6gMiyenm9RtJ7IUVIAoJ1w=
github.com/stretchr/testify v1.2.2/go.mod h1:a8OnRcib4nhh0OaRAV+Yts87kKdq0PP7pXfy6kDkUVs=
golang.org/x/sys v0.0.0-20191026070338-33540a1f6037 h1:YyJpGZS1sBuBCzLAR1VEpK193GlqGZbnPFnPV/5Rsb4=
golang.org/x/sys v0.0.0-20191026070338-33540a1f6037/go.mod h1:h1NjWce9XRLGQEsW7wpKNCjG9DtNlClVuFLEZdDNbEs=
gopkg.in/check.v1 v0.0.0-20161208181325-20d25e280405 h1:yhCVgyC4o1eVCa2tZl7eS0r+SDo693bJlVdllGtEeKM=
gopkg.in/check.v1 v0.0.0-20161208181325-20d25e280405/go.mod h1:Co6ibVJAznAaIkqp8huTwlJQCZ016jof/cbN4VW5Yz0=
gopkg.in/yaml.v2 v2.4.0 h1:D8xgwECY7CYvx+Y2n4sBz93Jn9JRvxdiyyo8CTfuKaY=
gopkg.in/yaml.v2 v2.4.0/go.mod h1:RDklbk79AGWmwhnvt/jBztapEOGDOx6ZbXqjP6csGnQ=
