github.com/cristalhq/jwt v1.2.0 h1:fHmMkFJvEbS4o04aQP8BmtJg7fqkYvd7r8er3sUdS4Q=
github.com/cristalhq/jwt/v3 v3.1.0 h1:iLeL9VzB0SCtjCy9Kg53rMwTcrNm+GHyVcz2eUujz6s=
github.com/cristalhq/jwt/v3 v3.1.0/go.mod h1:XOnIXst8ozq/esy5N1XOlSyQqBd+84fxJ99FK+1jgL8=
github.com/cristalhq/jwt/v4 v4.0.0-beta h1:TSNUSW7CCvMtX+Rg3vj706BwqIEt9HMvVv6Syifq5mU=
github.com/cristalhq/jwt/v4 v4.0.0-beta/go.mod h1:HnYraSNKDRag1DZP92rYHyrjyQHnVEHPNqesmzs+miQ=
