github.com/cristalhq/jwt/v3 v3.1.0 h1:iLeL9VzB0SCtjCy9Kg53rMwTcrNm+GHyVcz2eUujz6s=
github.com/cristalhq/jwt/v3 v3.1.0/go.mod h1:XOnIXst8ozq/esy5N1XOlSyQqBd+84fxJ99FK+1jgL8=
github.com/davecgh/go-spew v1.1.0/go.mod h1:J7Y8YcW2NihsgmVo/mv3lAwl/skON4iLHjSsI+c5H38=
github.com/davecgh/go-spew v1.1.1 h1:vj9j/u1bqnvCEfJOwUhtlOARqs3+rkHYY13jYWTU97c=
github.com/davecgh/go-spew v1.1.1/go.mod h1:J7Y8YcW2NihsgmVo/mv3lAwl/skON4iLHjSsI+c5H38=
github.com/golang-jwt/jwt/v4 v4.5.2 h1:YtQM7lnr8iZ+j5q71MGKkNw9Mn7AjHM68uc9g5fXeUI=
github.com/golang-jwt/jwt/v4 v4.5.2/go.mod h1:m21LjoU+eqJr34lmDMbreY2eSTRJ1cv77w39/MY0Ch0=
github.com/hetiansu5/urlquery v1.2.7 h1:jn0h+9pIRqUziSPnRdK/gJK8S5TCnk+HZZx5fRHf8K0=
github.com/hetiansu5/urlquery v1.2.7/go.mod h1:wFpZdTHRdwt7mk0EM/DdZEWtEN4xf8HJoH/BLXm/PG0=
github.com/joho/godotenv v1.4.0 h1:3l4+N6zfMWnkbPEXKng2o2/MR5mSwTrBih4ZEkkz1lg=
github.com/joho/godotenv v1.4.0/go.mod h1:f4LDr5Voq0i2e/R5DDNOoa2zzDfwtkZa6DnEwAbqwq4=
github.com/pmezard/go-difflib v1.0.0 h1:4DBwDE0NGyQoBHbLQYPwSUPoCMWR5BEzIk/f1lZbAQM=
github.com/pmezard/go-difflib v1.0.0/go.mod h1:iKH77koFhYxTK1pcRnkKkqfTogsbg7gZNVY4sRDYZ/4=
github.com/sirupsen/logrus v1.8.1/go.mod h1:yWOB1SBYBC5VeMP7gHvWumXLIWorT60ONWic61uBYv0=
github.com/sirupsen/logrus v1.8.3 h1:DBBfY8eMYazKEJHb3JKpSPfpgd2mBCoNFlQx6C5fftU=
github.com/sirupsen/logrus v1.8.3/go.mod h1:naHLuLoDiP4jHNo9R0sCBMtWGeIprob74mVsIT4qYEQ=
github.com/skyflowapi/skyflow-go/commonutils v0.0.0-20231031082702-92eed6eb74b5 h1:E7ydAFkSeRyBggnzK/fPXvhKqVbLn2sEPKgA0uOzQeg=
github.com/skyflowapi/skyflow-go/commonutils v0.0.0-20231031082702-92eed6eb74b5/go.mod h1:C9IH9lBmu32OoVAFtwEUw9aN3bXG8lSVNy8K1fw69UY=
github.com/skyflowapi/skyflow-go/commonutils v0.0.0-20260106102501-e4411ad29dfd h1:3MIejEaa7V2KeiQ3IzU7qrlp1vQDG9wFlTciijaT12Y=
github.com/skyflowapi/skyflow-go/commonutils v0.0.0-20260106102501-e4411ad29dfd/go.mod h1:M1Dmira+H7Tmefk7irvX21Je/XhoT9xtp+zKj2dfx3U=
github.com/skyflowapi/skyflow-go/serviceaccount v0.0.0-20250717121939-a83549f30eaf h1:5ZBAwh3ZHpbIuLZUpTsSzTBicFVskQnBcps7pzaqLTA=
github.com/skyflowapi/skyflow-go/serviceaccount v0.0.0-20250717121939-a83549f30eaf/go.mod h1:CaDJCykQUsoIDHTzOYzg5gc+DaEBKf06PsKJ8BjdYrs=
github.com/skyflowapi/skyflow-go/serviceaccount v0.0.0-20260106102501-e4411ad29dfd h1:eze6cpEXM9SwMBlqIkPWJsAs0qU4V2jw/u2Hmz4rRqk=
github.com/skyflowapi/skyflow-go/serviceaccount v0.0.0-20260106102501-e4411ad29dfd/go.mod h1:x60VyDqa65bTUmzDa8bBZHuo0p+xM+sKkx/9YTj/3Xk=
github.com/skyflowapi/skyflow-go/skyflow v0.0.0-20250717121725-49a302340452/go.mod h1:FNodd70EJXTesQbPEuUqnJygnghIH+oC2lsTRpGQU9A=
github.com/stretchr/objx v0.1.0/go.mod h1:HFkY916IF+rwdDfMAkV7OtwuqBVzrE8GR6GFx+wExME=
github.com/stretchr/testify v1.2.2/go.mod h1:a8OnRcib4nhh0OaRAV+Yts87kKdq0PP7pXfy6kDkUVs=
github.com/stretchr/testify v1.7.0 h1:nwc3DEeHmmLAfoZucVR881uASk0Mfjw8xYJ99tb5CcY=
github.com/stretchr/testify v1.7.0/go.mod h1:6Fq8oRcR53rry900zMqJjRRixrwX3KX962/h/Wwjteg=
golang.org/x/sys v0.0.0-20191026070338-33540a1f6037/go.mod h1:h1NjWce9XRLGQEsW7wpKNCjG9DtNlClVuFLEZdDNbEs=
golang.org/x/sys v0.0.0-20220715151400-c0bba94af5f8 h1:0A+M6Uqn+Eje4kHMK80dtF3JCXC4ykBgQG4Fe06QRhQ=
golang.org/x/sys v0.0.0-20220715151400-c0bba94af5f8/go.mod h1:oPkhp1MJrh7nUepCBck5+mAzfO9JrbApNNgaTdGDITg=
gopkg.in/check.v1 v0.0.0-20161208181325-20d25e280405 h1:yhCVgyC4o1eVCa2tZl7eS0r+SDo693bJlVdllGtEeKM=
gopkg.in/check.v1 v0.0.0-20161208181325-20d25e280405/go.mod h1:Co6ibVJAznAaIkqp8huTwlJQCZ016jof/cbN4VW5Yz0=
gopkg.in/yaml.v3 v3.0.0-20200313102051-9f266ea9e77c h1:dUUwHk2QECo/6vqA44rthZ8ie2QXMNeKRTHCNY2nXvo=
gopkg.in/yaml.v3 v3.0.0-20200313102051-9f266ea9e77c/go.mod h1:K4uyk7z7BCEPqu6E+C64Yfv1cQ7kz7rIZviUmN+EgEM=
