github.com/golang-jwt/jwt v3.2.2+incompatible h1:IfV12K8xAKAnZqdXVzCZ+TOjboZ2keLg81eXfW3O+oY=
github.com/golang-jwt/jwt v3.2.2+incompatible/go.mod h1:8pz2t5EyA70fFQQSrl6XZXzqecmYZeUEB8OUGHkxJ+I=
github.com/skyflowapi/skyflow-go v1.0.0 h1:Z+j9DW4EakvX3Qh22zQBih8CEtt/hVpeH5njgwpvWCM=
github.com/skyflowapi/skyflow-go v1.0.0/go.mod h1:IsCocvUYpfOrvvSdrfH4iVzWTvP65a705WJrydFUlOA=
github.com/skyflowapi/skyflow-go/errors v0.0.0-20210825143343-33e8f537e3df h1:OaFoYvfCdTWMIlUWn4Zv6Ff2xLdHeScx6TKZAp11ZGE=
github.com/skyflowapi/skyflow-go/errors v0.0.0-20210825143343-33e8f537e3df/go.mod h1:y7zJWZDvkYxWeQ0kin9VfqoYRM49Uy/CFyjjEU7SUyg=
